
Microsoft Visual Studio Solution File, Format Version 12.00
# Visual Studio 15
VisualStudioVersion = 15.0.27703.2035
MinimumVisualStudioVersion = 10.0.40219.1
Project("{9A19103F-16F7-4668-BE54-9A1E7A4F7556}") = "Todo", "Todo\Todo.csproj", "{FE5B72DA-94B1-41AE-AD29-C0E6B9A3416D}"
EndProject
Global
	GlobalSection(SolutionConfigurationPlatforms) = preSolution
		Debug|Any CPU = Debug|Any CPU
		Release|Any CPU = Release|Any CPU
	EndGlobalSection
	GlobalSection(ProjectConfigurationPlatforms) = postSolution
		{FE5B72DA-94B1-41AE-AD29-C0E6B9A3416D}.Debug|Any CPU.ActiveCfg = Debug|Any CPU
		{FE5B72DA-94B1-41AE-AD29-C0E6B9A3416D}.Debug|Any CPU.Build.0 = Debug|Any CPU
		{FE5B72DA-94B1-41AE-AD29-C0E6B9A3416D}.Release|Any CPU.ActiveCfg = Release|Any CPU
		{FE5B72DA-94B1-41AE-AD29-C0E6B9A3416D}.Release|Any CPU.Build.0 = Release|Any CPU
	EndGlobalSection
	GlobalSection(SolutionProperties) = preSolution
		HideSolutionNode = FALSE
	EndGlobalSection
	GlobalSection(ExtensibilityGlobals) = postSolution
		SolutionGuid = {30E3E3E8-23EF-49C4-9A37-BADFF83561DE}
	EndGlobalSection
EndGlobal
